
Microsoft Visual Studio Solution File, Format Version 12.00
# Visual Studio Version 17
VisualStudioVersion = 17.2.32630.192
MinimumVisualStudioVersion = 10.0.40219.1
Project("{FAE04EC0-301F-11D3-BF4B-00C04F79EFBC}") = "Jedi mind tricks", "Jedi mind tricks\Jedi mind tricks.csproj", "{9BA9E362-9E2E-4435-8511-42A9DE0525FB}"
EndProject
Global
	GlobalSection(SolutionConfigurationPlatforms) = preSolution
		Debug|Any CPU = Debug|Any CPU
		Release|Any CPU = Release|Any CPU
	EndGlobalSection
	GlobalSection(ProjectConfigurationPlatforms) = postSolution
		{9BA9E362-9E2E-4435-8511-42A9DE0525FB}.Debug|Any CPU.ActiveCfg = Debug|Any CPU
		{9BA9E362-9E2E-4435-8511-42A9DE0525FB}.Debug|Any CPU.Build.0 = Debug|Any CPU
		{9BA9E362-9E2E-4435-8511-42A9DE0525FB}.Release|Any CPU.ActiveCfg = Release|Any CPU
		{9BA9E362-9E2E-4435-8511-42A9DE0525FB}.Release|Any CPU.Build.0 = Release|Any CPU
	EndGlobalSection
	GlobalSection(SolutionProperties) = preSolution
		HideSolutionNode = FALSE
	EndGlobalSection
	GlobalSection(ExtensibilityGlobals) = postSolution
		SolutionGuid = {467AC7E1-3501-4317-BA1F-DBC72403566B}
	EndGlobalSection
EndGlobal
